
Microsoft Visual Studio Solution File, Format Version 12.00
# Visual Studio Version 17
VisualStudioVersion = 17.13.35919.96 d17.13
MinimumVisualStudioVersion = 10.0.40219.1
Project("{FAE04EC0-301F-11D3-BF4B-00C04F79EFBC}") = "BaseUtility", "BaseUtility.csproj", "{FC7B3DE5-C864-417C-B73E-5BFD7168B1CB}"
EndProject
Global
	GlobalSection(SolutionConfigurationPlatforms) = preSolution
		Debug|Any CPU = Debug|Any CPU
		Release|Any CPU = Release|Any CPU
	EndGlobalSection
	GlobalSection(ProjectConfigurationPlatforms) = postSolution
		{FC7B3DE5-C864-417C-B73E-5BFD7168B1CB}.Debug|Any CPU.ActiveCfg = Debug|Any CPU
		{FC7B3DE5-C864-417C-B73E-5BFD7168B1CB}.Debug|Any CPU.Build.0 = Debug|Any CPU
		{FC7B3DE5-C864-417C-B73E-5BFD7168B1CB}.Release|Any CPU.ActiveCfg = Release|Any CPU
		{FC7B3DE5-C864-417C-B73E-5BFD7168B1CB}.Release|Any CPU.Build.0 = Release|Any CPU
	EndGlobalSection
	GlobalSection(SolutionProperties) = preSolution
		HideSolutionNode = FALSE
	EndGlobalSection
	GlobalSection(ExtensibilityGlobals) = postSolution
		SolutionGuid = {F4D8B366-BCD6-495F-A019-B37FE008112B}
	EndGlobalSection
EndGlobal
